{
    "_readme": [
        "This file locks the dependencies of your project to a known state",
        "Read more about it at https://getcomposer.org/doc/01-basic-usage.md#installing-dependencies",
        "This file is @generated automatically"
    ],
    "content-hash": "2d6e20aef4c6c732cf090f29a2e1e060",
    "packages": [],
    "packages-dev": [
        {
            "name": "skybolt/skybolt-core",
            "version": "2.2.1",
            "dist": {
                "type": "path",
                "url": "../../packages/skybolt-core",
                "reference": "458c334a384a654a28b41c33fac9571f53b08b49"
            },
            "require": {
                "php": "^8.3"
            },
            "require-dev": {
                "phpstan/phpstan": "^1.10",
                "phpunit/phpunit": "^11.0"
            },
            "type": "library",
            "autoload": {
                "psr-4": {
                    "Skybolt\\": "src/"
                }
            },
            "autoload-dev": {
                "psr-4": {
                    "Skybolt\\Tests\\": "tests/"
                }
            },
            "license": [
                "MIT"
            ],
            "authors": [
                {
                    "name": "Jens Roland",
                    "email": "mail@jensroland.com"
                }
            ],
            "description": "High-performance asset management framework with intelligent client-side caching",
            "keywords": [
                "assets",
                "cache",
                "optimization",
                "performance",
                "vite",
                "web-performance"
            ],
            "transport-options": {
                "symlink": false,
                "relative": true
            }
        }
    ],
    "aliases": [],
    "minimum-stability": "stable",
    "stability-flags": {
        "skybolt/skybolt-core": 20
    },
    "prefer-stable": false,
    "prefer-lowest": false,
    "platform": {
        "php": "^8.3"
    },
    "platform-dev": {},
    "plugin-api-version": "2.6.0"
}
